
Microsoft Visual Studio Solution File, Format Version 12.00
# Visual Studio 15
Project("{FAE04EC0-301F-11D3-BF4B-00C04F79EFBC}") = "SimpleContainer.Core", "SimpleContainer.Core.csproj", "{F905B12E-585F-6617-923B-1D5B63075B0F}"
EndProject
Project("{FAE04EC0-301F-11D3-BF4B-00C04F79EFBC}") = "SimpleContainer.Unity", "SimpleContainer.Unity.csproj", "{83F9FD54-BD40-142D-32A0-134D3DAFC5B9}"
EndProject
Global
	GlobalSection(SolutionConfigurationPlatforms) = preSolution
		Debug|Any CPU = Debug|Any CPU
		Release|Any CPU = Release|Any CPU
	EndGlobalSection
	GlobalSection(ProjectConfigurationPlatforms) = postSolution
		{F905B12E-585F-6617-923B-1D5B63075B0F}.Debug|Any CPU.ActiveCfg = Debug|Any CPU
		{F905B12E-585F-6617-923B-1D5B63075B0F}.Debug|Any CPU.Build.0 = Debug|Any CPU
		{F905B12E-585F-6617-923B-1D5B63075B0F}.Release|Any CPU.ActiveCfg = Release|Any CPU
		{F905B12E-585F-6617-923B-1D5B63075B0F}.Release|Any CPU.Build.0 = Release|Any CPU
		{83F9FD54-BD40-142D-32A0-134D3DAFC5B9}.Debug|Any CPU.ActiveCfg = Debug|Any CPU
		{83F9FD54-BD40-142D-32A0-134D3DAFC5B9}.Debug|Any CPU.Build.0 = Debug|Any CPU
		{83F9FD54-BD40-142D-32A0-134D3DAFC5B9}.Release|Any CPU.ActiveCfg = Release|Any CPU
		{83F9FD54-BD40-142D-32A0-134D3DAFC5B9}.Release|Any CPU.Build.0 = Release|Any CPU
	EndGlobalSection
	GlobalSection(SolutionProperties) = preSolution
		HideSolutionNode = FALSE
	EndGlobalSection
EndGlobal
